
Microsoft Visual Studio Solution File, Format Version 12.00
# Visual Studio Version 16
VisualStudioVersion = 16.0.31313.79
MinimumVisualStudioVersion = 10.0.40219.1
Project("{FAE04EC0-301F-11D3-BF4B-00C04F79EFBC}") = "Truck Tour", "Truck Tour\Truck Tour.csproj", "{5DAB3582-3A29-46C4-98AD-E672947B6353}"
EndProject
Project("{FAE04EC0-301F-11D3-BF4B-00C04F79EFBC}") = "08. Balanced Parenthesis", "08. Balanced Parenthesis\08. Balanced Parenthesis.csproj", "{CD3B8593-CFAF-4955-B690-903D18D88754}"
EndProject
Project("{FAE04EC0-301F-11D3-BF4B-00C04F79EFBC}") = "09. Simple Text Editor", "09. Simple Text Editor\09. Simple Text Editor.csproj", "{D0471DE0-F219-46D7-BC57-D20F951F43FA}"
EndProject
Global
	GlobalSection(SolutionConfigurationPlatforms) = preSolution
		Debug|Any CPU = Debug|Any CPU
		Release|Any CPU = Release|Any CPU
	EndGlobalSection
	GlobalSection(ProjectConfigurationPlatforms) = postSolution
		{5DAB3582-3A29-46C4-98AD-E672947B6353}.Debug|Any CPU.ActiveCfg = Debug|Any CPU
		{5DAB3582-3A29-46C4-98AD-E672947B6353}.Debug|Any CPU.Build.0 = Debug|Any CPU
		{5DAB3582-3A29-46C4-98AD-E672947B6353}.Release|Any CPU.ActiveCfg = Release|Any CPU
		{5DAB3582-3A29-46C4-98AD-E672947B6353}.Release|Any CPU.Build.0 = Release|Any CPU
		{CD3B8593-CFAF-4955-B690-903D18D88754}.Debug|Any CPU.ActiveCfg = Debug|Any CPU
		{CD3B8593-CFAF-4955-B690-903D18D88754}.Debug|Any CPU.Build.0 = Debug|Any CPU
		{CD3B8593-CFAF-4955-B690-903D18D88754}.Release|Any CPU.ActiveCfg = Release|Any CPU
		{CD3B8593-CFAF-4955-B690-903D18D88754}.Release|Any CPU.Build.0 = Release|Any CPU
		{D0471DE0-F219-46D7-BC57-D20F951F43FA}.Debug|Any CPU.ActiveCfg = Debug|Any CPU
		{D0471DE0-F219-46D7-BC57-D20F951F43FA}.Debug|Any CPU.Build.0 = Debug|Any CPU
		{D0471DE0-F219-46D7-BC57-D20F951F43FA}.Release|Any CPU.ActiveCfg = Release|Any CPU
		{D0471DE0-F219-46D7-BC57-D20F951F43FA}.Release|Any CPU.Build.0 = Release|Any CPU
	EndGlobalSection
	GlobalSection(SolutionProperties) = preSolution
		HideSolutionNode = FALSE
	EndGlobalSection
	GlobalSection(ExtensibilityGlobals) = postSolution
		SolutionGuid = {610668E0-48E4-4375-A8CD-3A860AC7F23E}
	EndGlobalSection
EndGlobal
