
Microsoft Visual Studio Solution File, Format Version 12.00
# Visual Studio Version 16
VisualStudioVersion = 16.0.31005.135
MinimumVisualStudioVersion = 10.0.40219.1
Project("{FAE04EC0-301F-11D3-BF4B-00C04F79EFBC}") = "01. Problem", "01. Problem\01. Problem.csproj", "{28176C41-8ED1-411E-9B84-BC7B2B6CE542}"
EndProject
Project("{FAE04EC0-301F-11D3-BF4B-00C04F79EFBC}") = "02. Problem", "02. Problem\02. Problem.csproj", "{E853007E-5EEE-4FFC-AF76-46794B1A5B51}"
EndProject
Project("{FAE04EC0-301F-11D3-BF4B-00C04F79EFBC}") = "03. Problem", "03. Problem\03. Problem.csproj", "{DB1C1CCC-7A2B-438C-8732-87D9DC435950}"
EndProject
Global
	GlobalSection(SolutionConfigurationPlatforms) = preSolution
		Debug|Any CPU = Debug|Any CPU
		Release|Any CPU = Release|Any CPU
	EndGlobalSection
	GlobalSection(ProjectConfigurationPlatforms) = postSolution
		{28176C41-8ED1-411E-9B84-BC7B2B6CE542}.Debug|Any CPU.ActiveCfg = Debug|Any CPU
		{28176C41-8ED1-411E-9B84-BC7B2B6CE542}.Debug|Any CPU.Build.0 = Debug|Any CPU
		{28176C41-8ED1-411E-9B84-BC7B2B6CE542}.Release|Any CPU.ActiveCfg = Release|Any CPU
		{28176C41-8ED1-411E-9B84-BC7B2B6CE542}.Release|Any CPU.Build.0 = Release|Any CPU
		{E853007E-5EEE-4FFC-AF76-46794B1A5B51}.Debug|Any CPU.ActiveCfg = Debug|Any CPU
		{E853007E-5EEE-4FFC-AF76-46794B1A5B51}.Debug|Any CPU.Build.0 = Debug|Any CPU
		{E853007E-5EEE-4FFC-AF76-46794B1A5B51}.Release|Any CPU.ActiveCfg = Release|Any CPU
		{E853007E-5EEE-4FFC-AF76-46794B1A5B51}.Release|Any CPU.Build.0 = Release|Any CPU
		{DB1C1CCC-7A2B-438C-8732-87D9DC435950}.Debug|Any CPU.ActiveCfg = Debug|Any CPU
		{DB1C1CCC-7A2B-438C-8732-87D9DC435950}.Debug|Any CPU.Build.0 = Debug|Any CPU
		{DB1C1CCC-7A2B-438C-8732-87D9DC435950}.Release|Any CPU.ActiveCfg = Release|Any CPU
		{DB1C1CCC-7A2B-438C-8732-87D9DC435950}.Release|Any CPU.Build.0 = Release|Any CPU
	EndGlobalSection
	GlobalSection(SolutionProperties) = preSolution
		HideSolutionNode = FALSE
	EndGlobalSection
	GlobalSection(ExtensibilityGlobals) = postSolution
		SolutionGuid = {E7C96ED6-FE3E-4A6D-A443-FD82744CDF8B}
	EndGlobalSection
EndGlobal
