
Microsoft Visual Studio Solution File, Format Version 12.00
# Visual Studio Version 16
VisualStudioVersion = 16.0.31321.278
MinimumVisualStudioVersion = 10.0.40219.1
Project("{FAE04EC0-301F-11D3-BF4B-00C04F79EFBC}") = "01 Even Lines", "01 Even Lines\01 Even Lines.csproj", "{484EF982-8D73-439C-A819-329A01F7CB00}"
EndProject
Project("{FAE04EC0-301F-11D3-BF4B-00C04F79EFBC}") = "02 Line Numbers", "02 Line Numbers\02 Line Numbers.csproj", "{E4BCAFAF-682A-4E08-8BE2-E8D9B9684AFC}"
EndProject
Project("{FAE04EC0-301F-11D3-BF4B-00C04F79EFBC}") = "03 Word Count", "Word Count\03 Word Count.csproj", "{0AADAEDC-1F5D-49F7-85BC-CC05222064D2}"
EndProject
Project("{FAE04EC0-301F-11D3-BF4B-00C04F79EFBC}") = "04  Copy Binary File", "04  Copy Binary File\04  Copy Binary File.csproj", "{91BE818E-228A-49F7-AC68-04E8FEC8E72C}"
EndProject
Project("{FAE04EC0-301F-11D3-BF4B-00C04F79EFBC}") = "05 Directory Traversal", "05 Directory Traversal\05 Directory Traversal.csproj", "{5300ABDB-D685-4910-91F9-AB1D894E818F}"
EndProject
Project("{FAE04EC0-301F-11D3-BF4B-00C04F79EFBC}") = "06 Zip and Extract", "06 Zip and Extract\06 Zip and Extract.csproj", "{C3E39F99-CE51-4B0A-B068-351BE96DE49A}"
EndProject
Global
	GlobalSection(SolutionConfigurationPlatforms) = preSolution
		Debug|Any CPU = Debug|Any CPU
		Release|Any CPU = Release|Any CPU
	EndGlobalSection
	GlobalSection(ProjectConfigurationPlatforms) = postSolution
		{484EF982-8D73-439C-A819-329A01F7CB00}.Debug|Any CPU.ActiveCfg = Debug|Any CPU
		{484EF982-8D73-439C-A819-329A01F7CB00}.Debug|Any CPU.Build.0 = Debug|Any CPU
		{484EF982-8D73-439C-A819-329A01F7CB00}.Release|Any CPU.ActiveCfg = Release|Any CPU
		{484EF982-8D73-439C-A819-329A01F7CB00}.Release|Any CPU.Build.0 = Release|Any CPU
		{E4BCAFAF-682A-4E08-8BE2-E8D9B9684AFC}.Debug|Any CPU.ActiveCfg = Debug|Any CPU
		{E4BCAFAF-682A-4E08-8BE2-E8D9B9684AFC}.Debug|Any CPU.Build.0 = Debug|Any CPU
		{E4BCAFAF-682A-4E08-8BE2-E8D9B9684AFC}.Release|Any CPU.ActiveCfg = Release|Any CPU
		{E4BCAFAF-682A-4E08-8BE2-E8D9B9684AFC}.Release|Any CPU.Build.0 = Release|Any CPU
		{0AADAEDC-1F5D-49F7-85BC-CC05222064D2}.Debug|Any CPU.ActiveCfg = Debug|Any CPU
		{0AADAEDC-1F5D-49F7-85BC-CC05222064D2}.Debug|Any CPU.Build.0 = Debug|Any CPU
		{0AADAEDC-1F5D-49F7-85BC-CC05222064D2}.Release|Any CPU.ActiveCfg = Release|Any CPU
		{0AADAEDC-1F5D-49F7-85BC-CC05222064D2}.Release|Any CPU.Build.0 = Release|Any CPU
		{91BE818E-228A-49F7-AC68-04E8FEC8E72C}.Debug|Any CPU.ActiveCfg = Debug|Any CPU
		{91BE818E-228A-49F7-AC68-04E8FEC8E72C}.Debug|Any CPU.Build.0 = Debug|Any CPU
		{91BE818E-228A-49F7-AC68-04E8FEC8E72C}.Release|Any CPU.ActiveCfg = Release|Any CPU
		{91BE818E-228A-49F7-AC68-04E8FEC8E72C}.Release|Any CPU.Build.0 = Release|Any CPU
		{5300ABDB-D685-4910-91F9-AB1D894E818F}.Debug|Any CPU.ActiveCfg = Debug|Any CPU
		{5300ABDB-D685-4910-91F9-AB1D894E818F}.Debug|Any CPU.Build.0 = Debug|Any CPU
		{5300ABDB-D685-4910-91F9-AB1D894E818F}.Release|Any CPU.ActiveCfg = Release|Any CPU
		{5300ABDB-D685-4910-91F9-AB1D894E818F}.Release|Any CPU.Build.0 = Release|Any CPU
		{C3E39F99-CE51-4B0A-B068-351BE96DE49A}.Debug|Any CPU.ActiveCfg = Debug|Any CPU
		{C3E39F99-CE51-4B0A-B068-351BE96DE49A}.Debug|Any CPU.Build.0 = Debug|Any CPU
		{C3E39F99-CE51-4B0A-B068-351BE96DE49A}.Release|Any CPU.ActiveCfg = Release|Any CPU
		{C3E39F99-CE51-4B0A-B068-351BE96DE49A}.Release|Any CPU.Build.0 = Release|Any CPU
	EndGlobalSection
	GlobalSection(SolutionProperties) = preSolution
		HideSolutionNode = FALSE
	EndGlobalSection
	GlobalSection(ExtensibilityGlobals) = postSolution
		SolutionGuid = {3045E26B-4768-45CF-848C-E8F827093F28}
	EndGlobalSection
EndGlobal
