
Microsoft Visual Studio Solution File, Format Version 12.00
# Visual Studio Version 16
VisualStudioVersion = 16.0.31313.79
MinimumVisualStudioVersion = 10.0.40219.1
Project("{9A19103F-16F7-4668-BE54-9A1E7A4F7556}") = "01 Action Point", "01 Action Point\01 Action Point.csproj", "{99E77AE5-567C-4CFF-BCA9-EEA710F6DC47}"
EndProject
Project("{9A19103F-16F7-4668-BE54-9A1E7A4F7556}") = "02 Knights of Honor", "02 Knights of Honor\02 Knights of Honor.csproj", "{3637CE55-F04E-460A-A110-BF89CD128E02}"
EndProject
Project("{9A19103F-16F7-4668-BE54-9A1E7A4F7556}") = "03. Custom Min Function", "03. Custom Min Function\03. Custom Min Function.csproj", "{FD6A9AB0-C8A4-4842-8D56-32EEA1B04BC9}"
EndProject
Project("{9A19103F-16F7-4668-BE54-9A1E7A4F7556}") = "04. Find Evens or Odds", "04. Find Evens or Odds\04. Find Evens or Odds.csproj", "{3B4B81E3-4831-4BAD-AB32-2B3DFD1E7468}"
EndProject
Project("{9A19103F-16F7-4668-BE54-9A1E7A4F7556}") = "05. Applied Arithmetics", "05. Applied Arithmetics\05. Applied Arithmetics.csproj", "{0869615C-18FC-405F-BEB0-F9EF32658C67}"
EndProject
Project("{9A19103F-16F7-4668-BE54-9A1E7A4F7556}") = "06. Reverse And Exclude", "06. Reverse And Exclude\06. Reverse And Exclude.csproj", "{93BC465D-BDC1-47A3-8C21-E3B3BD0A1510}"
EndProject
Project("{9A19103F-16F7-4668-BE54-9A1E7A4F7556}") = "08. Custom Comparator", "08. Custom Comparator\08. Custom Comparator.csproj", "{3CC8F1B6-36C4-4D19-B85F-92623CA52147}"
EndProject
Project("{9A19103F-16F7-4668-BE54-9A1E7A4F7556}") = "07. Predicate For Names", "07. Predicate For Names\07. Predicate For Names.csproj", "{B990332E-6685-44FA-9A11-9D744C4FDE07}"
EndProject
Project("{9A19103F-16F7-4668-BE54-9A1E7A4F7556}") = "09. List Of Predicates", "09. List Of Predicates\09. List Of Predicates.csproj", "{FA307503-82E3-4EC1-94EF-1515B40B42FB}"
EndProject
Project("{9A19103F-16F7-4668-BE54-9A1E7A4F7556}") = "12. TriFunction", "12. TriFunction\12. TriFunction.csproj", "{52EA0785-42BF-4431-B312-09D334227325}"
EndProject
Project("{9A19103F-16F7-4668-BE54-9A1E7A4F7556}") = "11. The Party Reservation Filter Module", "11. The Party Reservation Filter Module\11. The Party Reservation Filter Module.csproj", "{2B6AC24C-2BBA-4A00-BFAB-D6981FD6A1DB}"
EndProject
Project("{FAE04EC0-301F-11D3-BF4B-00C04F79EFBC}") = "10 Predicate Party", "10 Predicate Party\10 Predicate Party.csproj", "{3A0A5EDF-748B-4332-936E-0E78E99A4BE9}"
EndProject
Global
	GlobalSection(SolutionConfigurationPlatforms) = preSolution
		Debug|Any CPU = Debug|Any CPU
		Release|Any CPU = Release|Any CPU
	EndGlobalSection
	GlobalSection(ProjectConfigurationPlatforms) = postSolution
		{99E77AE5-567C-4CFF-BCA9-EEA710F6DC47}.Debug|Any CPU.ActiveCfg = Debug|Any CPU
		{99E77AE5-567C-4CFF-BCA9-EEA710F6DC47}.Debug|Any CPU.Build.0 = Debug|Any CPU
		{99E77AE5-567C-4CFF-BCA9-EEA710F6DC47}.Release|Any CPU.ActiveCfg = Release|Any CPU
		{99E77AE5-567C-4CFF-BCA9-EEA710F6DC47}.Release|Any CPU.Build.0 = Release|Any CPU
		{3637CE55-F04E-460A-A110-BF89CD128E02}.Debug|Any CPU.ActiveCfg = Debug|Any CPU
		{3637CE55-F04E-460A-A110-BF89CD128E02}.Debug|Any CPU.Build.0 = Debug|Any CPU
		{3637CE55-F04E-460A-A110-BF89CD128E02}.Release|Any CPU.ActiveCfg = Release|Any CPU
		{3637CE55-F04E-460A-A110-BF89CD128E02}.Release|Any CPU.Build.0 = Release|Any CPU
		{FD6A9AB0-C8A4-4842-8D56-32EEA1B04BC9}.Debug|Any CPU.ActiveCfg = Debug|Any CPU
		{FD6A9AB0-C8A4-4842-8D56-32EEA1B04BC9}.Debug|Any CPU.Build.0 = Debug|Any CPU
		{FD6A9AB0-C8A4-4842-8D56-32EEA1B04BC9}.Release|Any CPU.ActiveCfg = Release|Any CPU
		{FD6A9AB0-C8A4-4842-8D56-32EEA1B04BC9}.Release|Any CPU.Build.0 = Release|Any CPU
		{3B4B81E3-4831-4BAD-AB32-2B3DFD1E7468}.Debug|Any CPU.ActiveCfg = Debug|Any CPU
		{3B4B81E3-4831-4BAD-AB32-2B3DFD1E7468}.Debug|Any CPU.Build.0 = Debug|Any CPU
		{3B4B81E3-4831-4BAD-AB32-2B3DFD1E7468}.Release|Any CPU.ActiveCfg = Release|Any CPU
		{3B4B81E3-4831-4BAD-AB32-2B3DFD1E7468}.Release|Any CPU.Build.0 = Release|Any CPU
		{0869615C-18FC-405F-BEB0-F9EF32658C67}.Debug|Any CPU.ActiveCfg = Debug|Any CPU
		{0869615C-18FC-405F-BEB0-F9EF32658C67}.Debug|Any CPU.Build.0 = Debug|Any CPU
		{0869615C-18FC-405F-BEB0-F9EF32658C67}.Release|Any CPU.ActiveCfg = Release|Any CPU
		{0869615C-18FC-405F-BEB0-F9EF32658C67}.Release|Any CPU.Build.0 = Release|Any CPU
		{93BC465D-BDC1-47A3-8C21-E3B3BD0A1510}.Debug|Any CPU.ActiveCfg = Debug|Any CPU
		{93BC465D-BDC1-47A3-8C21-E3B3BD0A1510}.Debug|Any CPU.Build.0 = Debug|Any CPU
		{93BC465D-BDC1-47A3-8C21-E3B3BD0A1510}.Release|Any CPU.ActiveCfg = Release|Any CPU
		{93BC465D-BDC1-47A3-8C21-E3B3BD0A1510}.Release|Any CPU.Build.0 = Release|Any CPU
		{3CC8F1B6-36C4-4D19-B85F-92623CA52147}.Debug|Any CPU.ActiveCfg = Debug|Any CPU
		{3CC8F1B6-36C4-4D19-B85F-92623CA52147}.Debug|Any CPU.Build.0 = Debug|Any CPU
		{3CC8F1B6-36C4-4D19-B85F-92623CA52147}.Release|Any CPU.ActiveCfg = Release|Any CPU
		{3CC8F1B6-36C4-4D19-B85F-92623CA52147}.Release|Any CPU.Build.0 = Release|Any CPU
		{B990332E-6685-44FA-9A11-9D744C4FDE07}.Debug|Any CPU.ActiveCfg = Debug|Any CPU
		{B990332E-6685-44FA-9A11-9D744C4FDE07}.Debug|Any CPU.Build.0 = Debug|Any CPU
		{B990332E-6685-44FA-9A11-9D744C4FDE07}.Release|Any CPU.ActiveCfg = Release|Any CPU
		{B990332E-6685-44FA-9A11-9D744C4FDE07}.Release|Any CPU.Build.0 = Release|Any CPU
		{FA307503-82E3-4EC1-94EF-1515B40B42FB}.Debug|Any CPU.ActiveCfg = Debug|Any CPU
		{FA307503-82E3-4EC1-94EF-1515B40B42FB}.Debug|Any CPU.Build.0 = Debug|Any CPU
		{FA307503-82E3-4EC1-94EF-1515B40B42FB}.Release|Any CPU.ActiveCfg = Release|Any CPU
		{FA307503-82E3-4EC1-94EF-1515B40B42FB}.Release|Any CPU.Build.0 = Release|Any CPU
		{52EA0785-42BF-4431-B312-09D334227325}.Debug|Any CPU.ActiveCfg = Debug|Any CPU
		{52EA0785-42BF-4431-B312-09D334227325}.Debug|Any CPU.Build.0 = Debug|Any CPU
		{52EA0785-42BF-4431-B312-09D334227325}.Release|Any CPU.ActiveCfg = Release|Any CPU
		{52EA0785-42BF-4431-B312-09D334227325}.Release|Any CPU.Build.0 = Release|Any CPU
		{2B6AC24C-2BBA-4A00-BFAB-D6981FD6A1DB}.Debug|Any CPU.ActiveCfg = Debug|Any CPU
		{2B6AC24C-2BBA-4A00-BFAB-D6981FD6A1DB}.Debug|Any CPU.Build.0 = Debug|Any CPU
		{2B6AC24C-2BBA-4A00-BFAB-D6981FD6A1DB}.Release|Any CPU.ActiveCfg = Release|Any CPU
		{2B6AC24C-2BBA-4A00-BFAB-D6981FD6A1DB}.Release|Any CPU.Build.0 = Release|Any CPU
		{3A0A5EDF-748B-4332-936E-0E78E99A4BE9}.Debug|Any CPU.ActiveCfg = Debug|Any CPU
		{3A0A5EDF-748B-4332-936E-0E78E99A4BE9}.Debug|Any CPU.Build.0 = Debug|Any CPU
		{3A0A5EDF-748B-4332-936E-0E78E99A4BE9}.Release|Any CPU.ActiveCfg = Release|Any CPU
		{3A0A5EDF-748B-4332-936E-0E78E99A4BE9}.Release|Any CPU.Build.0 = Release|Any CPU
	EndGlobalSection
	GlobalSection(SolutionProperties) = preSolution
		HideSolutionNode = FALSE
	EndGlobalSection
	GlobalSection(ExtensibilityGlobals) = postSolution
		SolutionGuid = {4843EB1C-4231-4766-B4E8-FC158F506195}
	EndGlobalSection
EndGlobal
